
Microsoft Visual Studio Solution File, Format Version 12.00
# Visual Studio Express 2012 for Windows Desktop
Project("{FAE04EC0-301F-11D3-BF4B-00C04F79EFBC}") = "Moshi_Bank", "Moshi_Bank\Moshi_Bank.csproj", "{47C6BC29-FD00-4F98-B79C-E202578B07CA}"
EndProject
Global
	GlobalSection(SolutionConfigurationPlatforms) = preSolution
		Debug|Any CPU = Debug|Any CPU
		Release|Any CPU = Release|Any CPU
	EndGlobalSection
	GlobalSection(ProjectConfigurationPlatforms) = postSolution
		{47C6BC29-FD00-4F98-B79C-E202578B07CA}.Debug|Any CPU.ActiveCfg = Debug|Any CPU
		{47C6BC29-FD00-4F98-B79C-E202578B07CA}.Debug|Any CPU.Build.0 = Debug|Any CPU
		{47C6BC29-FD00-4F98-B79C-E202578B07CA}.Release|Any CPU.ActiveCfg = Release|Any CPU
		{47C6BC29-FD00-4F98-B79C-E202578B07CA}.Release|Any CPU.Build.0 = Release|Any CPU
	EndGlobalSection
	GlobalSection(SolutionProperties) = preSolution
		HideSolutionNode = FALSE
	EndGlobalSection
EndGlobal
